Microsoft Visual Studio Solution File, Format Version 12.00
# Visual Studio Version 17
VisualStudioVersion = 17.5.2.0
MinimumVisualStudioVersion = 10.0.40219.1
Project("{2150E333-8FDC-42A3-9474-1A3956D46DE8}") = "JournalApp", "JournalApp", "{6AE47521-CEC9-4620-DD9A-44BF2B44E6F6}"
EndProject
Project("{FAE04EC0-301F-11D3-BF4B-00C04F79EFBC}") = "JournalBackend", "JournalApp\JournalBackend\JournalBackend.csproj", "{532769BA-BA47-E111-4021-A3553DB13F44}"
EndProject
Global
	GlobalSection(SolutionConfigurationPlatforms) = preSolution
		Debug|Any CPU = Debug|Any CPU
		Release|Any CPU = Release|Any CPU
	EndGlobalSection
	GlobalSection(ProjectConfigurationPlatforms) = postSolution
		{532769BA-BA47-E111-4021-A3553DB13F44}.Debug|Any CPU.ActiveCfg = Debug|Any CPU
		{532769BA-BA47-E111-4021-A3553DB13F44}.Debug|Any CPU.Build.0 = Debug|Any CPU
		{532769BA-BA47-E111-4021-A3553DB13F44}.Release|Any CPU.ActiveCfg = Release|Any CPU
		{532769BA-BA47-E111-4021-A3553DB13F44}.Release|Any CPU.Build.0 = Release|Any CPU
	EndGlobalSection
	GlobalSection(SolutionProperties) = preSolution
		HideSolutionNode = FALSE
	EndGlobalSection
	GlobalSection(NestedProjects) = preSolution
		{532769BA-BA47-E111-4021-A3553DB13F44} = {6AE47521-CEC9-4620-DD9A-44BF2B44E6F6}
	EndGlobalSection
	GlobalSection(ExtensibilityGlobals) = postSolution
		SolutionGuid = {4B226CDA-5B70-40AA-822D-CF77C18B8116}
	EndGlobalSection
EndGlobal
